
Microsoft Visual Studio Solution File, Format Version 12.00
# Visual Studio 15
VisualStudioVersion = 15.0.28307.271
MinimumVisualStudioVersion = 10.0.40219.1
Project("{FAE04EC0-301F-11D3-BF4B-00C04F79EFBC}") = "AspNetCoreBackend", "AspNetCoreBackend\AspNetCoreBackend.csproj", "{96575DBF-BC4A-4C75-94F1-DD392CDECF90}"
EndProject
Global
	GlobalSection(SolutionConfigurationPlatforms) = preSolution
		Debug|Any CPU = Debug|Any CPU
		Release|Any CPU = Release|Any CPU
	EndGlobalSection
	GlobalSection(ProjectConfigurationPlatforms) = postSolution
		{96575DBF-BC4A-4C75-94F1-DD392CDECF90}.Debug|Any CPU.ActiveCfg = Debug|Any CPU
		{96575DBF-BC4A-4C75-94F1-DD392CDECF90}.Debug|Any CPU.Build.0 = Debug|Any CPU
		{96575DBF-BC4A-4C75-94F1-DD392CDECF90}.Release|Any CPU.ActiveCfg = Release|Any CPU
		{96575DBF-BC4A-4C75-94F1-DD392CDECF90}.Release|Any CPU.Build.0 = Release|Any CPU
	EndGlobalSection
	GlobalSection(SolutionProperties) = preSolution
		HideSolutionNode = FALSE
	EndGlobalSection
	GlobalSection(ExtensibilityGlobals) = postSolution
		SolutionGuid = {3BA54D08-FCDD-494A-B2CD-16BA358A2C84}
	EndGlobalSection
EndGlobal
