
Microsoft Visual Studio Solution File, Format Version 12.00
# Visual Studio 15
VisualStudioVersion = 15.0.28307.271
MinimumVisualStudioVersion = 10.0.40219.1
Project("{FAE04EC0-301F-11D3-BF4B-00C04F79EFBC}") = "SQLtesti", "SQLtesti\SQLtesti.csproj", "{854481C9-0AA9-4FA8-ABED-BB0FA9B9ECF3}"
EndProject
Global
	GlobalSection(SolutionConfigurationPlatforms) = preSolution
		Debug|Any CPU = Debug|Any CPU
		Release|Any CPU = Release|Any CPU
	EndGlobalSection
	GlobalSection(ProjectConfigurationPlatforms) = postSolution
		{854481C9-0AA9-4FA8-ABED-BB0FA9B9ECF3}.Debug|Any CPU.ActiveCfg = Debug|Any CPU
		{854481C9-0AA9-4FA8-ABED-BB0FA9B9ECF3}.Debug|Any CPU.Build.0 = Debug|Any CPU
		{854481C9-0AA9-4FA8-ABED-BB0FA9B9ECF3}.Release|Any CPU.ActiveCfg = Release|Any CPU
		{854481C9-0AA9-4FA8-ABED-BB0FA9B9ECF3}.Release|Any CPU.Build.0 = Release|Any CPU
	EndGlobalSection
	GlobalSection(SolutionProperties) = preSolution
		HideSolutionNode = FALSE
	EndGlobalSection
	GlobalSection(ExtensibilityGlobals) = postSolution
		SolutionGuid = {BCAF7C89-0F98-46BB-BC10-E6DD2224D882}
	EndGlobalSection
EndGlobal
